{
  "requires": true,
  "lockfileVersion": 1,
  "dependencies": {
    "@grpc/grpc-js": {
      "version": "1.0.3",
      "resolved": "https://registry.npmjs.org/@grpc/grpc-js/-/grpc-js-1.0.3.tgz",
      "integrity": "sha512-JKV3f5Bv2TZxK6eJSB9EarsZrnLxrvcFNwI9goq0YRXa3S6NNoCSnI3cG3lkXVIJ03Wng1WXe76kc2JQtRe7AQ==",
      "requires": {
        "semver": "^6.2.0"
      }
    },
    "semver": {
      "version": "6.3.0",
      "resolved": "https://registry.npmjs.org/semver/-/semver-6.3.0.tgz",
      "integrity": "sha512-b39TBaTSfV6yBrapU89p5fKekE2m/NwnDocOVruQFS1/veMgdzuPcnOM34M6CwxW8jH/lxEa5rBoDeUwu5HHTw=="
    }
  }
}
